[[package]]
category = "dev"
description = "Composable command line interface toolkit"
name = "click"
optional = false
python-versions = ">=2.7, !=3.0.*, !=3.1.*, !=3.2.*, !=3.3.*, !=3.4.*"
version = "7.1.2"

[[package]]
category = "dev"
description = "An autocompletion tool for Python that can be used for text editors."
name = "jedi"
optional = false
python-versions = ">=2.7, !=3.0.*, !=3.1.*, !=3.2.*, !=3.3.*, !=3.4.*"
version = "0.17.0"

[package.dependencies]
parso = ">=0.7.0"

[package.extras]
qa = ["flake8 (3.7.9)"]
testing = ["colorama", "docopt", "pytest (>=3.9.0,<5.0.0)"]

[[package]]
category = "dev"
description = "A language server for Jedi!"
name = "jedi-language-server"
optional = false
python-versions = ">=3.6,<4.0"
version = "0.15.0"

[package.dependencies]
click = ">=7.0"
jedi = ">=0.17.0"
pygls = ">=0.8.1"

[[package]]
category = "dev"
description = "A Python Parser"
name = "parso"
optional = false
python-versions = ">=2.7, !=3.0.*, !=3.1.*, !=3.2.*, !=3.3.*"
version = "0.7.0"

[package.extras]
testing = ["docopt", "pytest (>=3.0.7)"]

[[package]]
category = "dev"
description = "a pythonic generic language server (pronounced like \"pie glass\")."
name = "pygls"
optional = false
python-versions = "*"
version = "0.9.0"

[package.extras]
dev = ["bandit (1.6.0)", "flake8 (3.7.7)", "mypy (0.761)"]
docs = ["sphinx (2.0.1)", "sphinx-rtd-theme (0.4.3)"]
test = ["mock (3.0.5)", "pytest (4.5.0)", "pytest-asyncio (0.10.0)"]

[metadata]
content-hash = "9eae753d2f93b6c28d4f757e8944d892e0bd1e79eb2e0f0cf2220356dbe0c38b"
python-versions = "^3.7"

[metadata.files]
click = [
    {file = "click-7.1.2-py2.py3-none-any.whl", hash = "sha256:dacca89f4bfadd5de3d7489b7c8a566eee0d3676333fbb50030263894c38c0dc"},
    {file = "click-7.1.2.tar.gz", hash = "sha256:d2b5255c7c6349bc1bd1e59e08cd12acbbd63ce649f2588755783aa94dfb6b1a"},
]
jedi = [
    {file = "jedi-0.17.0-py2.py3-none-any.whl", hash = "sha256:cd60c93b71944d628ccac47df9a60fec53150de53d42dc10a7fc4b5ba6aae798"},
    {file = "jedi-0.17.0.tar.gz", hash = "sha256:df40c97641cb943661d2db4c33c2e1ff75d491189423249e989bcea4464f3030"},
]
jedi-language-server = [
    {file = "jedi-language-server-0.15.0.tar.gz", hash = "sha256:992609dc0b075ebdaaee2880796ff7807171ed5b33788dafba82e045cb58c996"},
    {file = "jedi_language_server-0.15.0-py3-none-any.whl", hash = "sha256:a031b0065ff68826f0705d9eb171b4fd49fcc60e31490c2e7ecdf622e3e7193d"},
]
parso = [
    {file = "parso-0.7.0-py2.py3-none-any.whl", hash = "sha256:158c140fc04112dc45bca311633ae5033c2c2a7b732fa33d0955bad8152a8dd0"},
    {file = "parso-0.7.0.tar.gz", hash = "sha256:908e9fae2144a076d72ae4e25539143d40b8e3eafbaeae03c1bfe226f4cdf12c"},
]
pygls = [
    {file = "pygls-0.9.0-py3-none-any.whl", hash = "sha256:8fab2fa1286ce23b9f33c5779950ce6293122f564d8cc4c669907f39953f5c89"},
    {file = "pygls-0.9.0.tar.gz", hash = "sha256:0be0dce93745cba445b7a2568910ca7e45a3865347f01860eff9ed3e37e64e7b"},
]
